
Microsoft Visual Studio Solution File, Format Version 12.00
# Visual Studio Version 17
Project("{8BC9CEB8-8B4A-11D0-8D11-00A0C91BC942}") = "ALL_BUILD", "ALL_BUILD.vcxproj", "{8B27BEDE-9E61-35AE-886B-2FB98FAC5029}"
	ProjectSection(ProjectDependencies) = postProject
		{4EF583BC-6F60-3E5F-AA6E-10CB3F874A0C} = {4EF583BC-6F60-3E5F-AA6E-10CB3F874A0C}
		{3DF3D317-899F-3519-BAB5-B77FA9B5175A} = {3DF3D317-899F-3519-BAB5-B77FA9B5175A}
		{90B05AF9-0493-3B0A-9FE2-3320FF07CF10} = {90B05AF9-0493-3B0A-9FE2-3320FF07CF10}
		{48D8C5BB-323B-3BF5-9494-462581CF07C6} = {48D8C5BB-323B-3BF5-9494-462581CF07C6}
		{4D15844E-B08A-34A1-AF58-C20EC1295C03} = {4D15844E-B08A-34A1-AF58-C20EC1295C03}
		{487D7638-1619-3E52-91F8-9AB918554448} = {487D7638-1619-3E52-91F8-9AB918554448}
	EndProjectSection
EndProject
Project("{8BC9CEB8-8B4A-11D0-8D11-00A0C91BC942}") = "ZERO_CHECK", "ZERO_CHECK.vcxproj", "{4EF583BC-6F60-3E5F-AA6E-10CB3F874A0C}"
	ProjectSection(ProjectDependencies) = postProject
	EndProjectSection
EndProject
Project("{8BC9CEB8-8B4A-11D0-8D11-00A0C91BC942}") = "basic_app_gl", "examples\basic_app\basic_app_gl.vcxproj", "{3DF3D317-899F-3519-BAB5-B77FA9B5175A}"
	ProjectSection(ProjectDependencies) = postProject
		{4EF583BC-6F60-3E5F-AA6E-10CB3F874A0C} = {4EF583BC-6F60-3E5F-AA6E-10CB3F874A0C}
		{48D8C5BB-323B-3BF5-9494-462581CF07C6} = {48D8C5BB-323B-3BF5-9494-462581CF07C6}
	EndProjectSection
EndProject
Project("{8BC9CEB8-8B4A-11D0-8D11-00A0C91BC942}") = "basic_testbed", "examples\basic_testbed\basic_testbed.vcxproj", "{90B05AF9-0493-3B0A-9FE2-3320FF07CF10}"
	ProjectSection(ProjectDependencies) = postProject
		{4EF583BC-6F60-3E5F-AA6E-10CB3F874A0C} = {4EF583BC-6F60-3E5F-AA6E-10CB3F874A0C}
		{48D8C5BB-323B-3BF5-9494-462581CF07C6} = {48D8C5BB-323B-3BF5-9494-462581CF07C6}
		{487D7638-1619-3E52-91F8-9AB918554448} = {487D7638-1619-3E52-91F8-9AB918554448}
	EndProjectSection
EndProject
Project("{8BC9CEB8-8B4A-11D0-8D11-00A0C91BC942}") = "libing", "libing.vcxproj", "{48D8C5BB-323B-3BF5-9494-462581CF07C6}"
	ProjectSection(ProjectDependencies) = postProject
		{4EF583BC-6F60-3E5F-AA6E-10CB3F874A0C} = {4EF583BC-6F60-3E5F-AA6E-10CB3F874A0C}
	EndProjectSection
EndProject
Project("{8BC9CEB8-8B4A-11D0-8D11-00A0C91BC942}") = "raytracer", "examples\basic_testbed\raytracer.vcxproj", "{4D15844E-B08A-34A1-AF58-C20EC1295C03}"
	ProjectSection(ProjectDependencies) = postProject
		{4EF583BC-6F60-3E5F-AA6E-10CB3F874A0C} = {4EF583BC-6F60-3E5F-AA6E-10CB3F874A0C}
		{48D8C5BB-323B-3BF5-9494-462581CF07C6} = {48D8C5BB-323B-3BF5-9494-462581CF07C6}
		{487D7638-1619-3E52-91F8-9AB918554448} = {487D7638-1619-3E52-91F8-9AB918554448}
	EndProjectSection
EndProject
Project("{8BC9CEB8-8B4A-11D0-8D11-00A0C91BC942}") = "testbed", "testbed\testbed.vcxproj", "{487D7638-1619-3E52-91F8-9AB918554448}"
	ProjectSection(ProjectDependencies) = postProject
		{4EF583BC-6F60-3E5F-AA6E-10CB3F874A0C} = {4EF583BC-6F60-3E5F-AA6E-10CB3F874A0C}
	EndProjectSection
EndProject
Global
	GlobalSection(SolutionConfigurationPlatforms) = preSolution
		Debug|x64 = Debug|x64
		Release|x64 = Release|x64
		MinSizeRel|x64 = MinSizeRel|x64
		RelWithDebInfo|x64 = RelWithDebInfo|x64
	EndGlobalSection
	GlobalSection(ProjectConfigurationPlatforms) = postSolution
		{8B27BEDE-9E61-35AE-886B-2FB98FAC5029}.Debug|x64.ActiveCfg = Debug|x64
		{8B27BEDE-9E61-35AE-886B-2FB98FAC5029}.Release|x64.ActiveCfg = Release|x64
		{8B27BEDE-9E61-35AE-886B-2FB98FAC5029}.MinSizeRel|x64.ActiveCfg = MinSizeRel|x64
		{8B27BEDE-9E61-35AE-886B-2FB98FAC5029}.RelWithDebInfo|x64.ActiveCfg = RelWithDebInfo|x64
		{4EF583BC-6F60-3E5F-AA6E-10CB3F874A0C}.Debug|x64.ActiveCfg = Debug|x64
		{4EF583BC-6F60-3E5F-AA6E-10CB3F874A0C}.Debug|x64.Build.0 = Debug|x64
		{4EF583BC-6F60-3E5F-AA6E-10CB3F874A0C}.Release|x64.ActiveCfg = Release|x64
		{4EF583BC-6F60-3E5F-AA6E-10CB3F874A0C}.Release|x64.Build.0 = Release|x64
		{4EF583BC-6F60-3E5F-AA6E-10CB3F874A0C}.MinSizeRel|x64.ActiveCfg = MinSizeRel|x64
		{4EF583BC-6F60-3E5F-AA6E-10CB3F874A0C}.MinSizeRel|x64.Build.0 = MinSizeRel|x64
		{4EF583BC-6F60-3E5F-AA6E-10CB3F874A0C}.RelWithDebInfo|x64.ActiveCfg = RelWithDebInfo|x64
		{4EF583BC-6F60-3E5F-AA6E-10CB3F874A0C}.RelWithDebInfo|x64.Build.0 = RelWithDebInfo|x64
		{3DF3D317-899F-3519-BAB5-B77FA9B5175A}.Debug|x64.ActiveCfg = Debug|x64
		{3DF3D317-899F-3519-BAB5-B77FA9B5175A}.Debug|x64.Build.0 = Debug|x64
		{3DF3D317-899F-3519-BAB5-B77FA9B5175A}.Release|x64.ActiveCfg = Release|x64
		{3DF3D317-899F-3519-BAB5-B77FA9B5175A}.Release|x64.Build.0 = Release|x64
		{3DF3D317-899F-3519-BAB5-B77FA9B5175A}.MinSizeRel|x64.ActiveCfg = MinSizeRel|x64
		{3DF3D317-899F-3519-BAB5-B77FA9B5175A}.MinSizeRel|x64.Build.0 = MinSizeRel|x64
		{3DF3D317-899F-3519-BAB5-B77FA9B5175A}.RelWithDebInfo|x64.ActiveCfg = RelWithDebInfo|x64
		{3DF3D317-899F-3519-BAB5-B77FA9B5175A}.RelWithDebInfo|x64.Build.0 = RelWithDebInfo|x64
		{90B05AF9-0493-3B0A-9FE2-3320FF07CF10}.Debug|x64.ActiveCfg = Debug|x64
		{90B05AF9-0493-3B0A-9FE2-3320FF07CF10}.Debug|x64.Build.0 = Debug|x64
		{90B05AF9-0493-3B0A-9FE2-3320FF07CF10}.Release|x64.ActiveCfg = Release|x64
		{90B05AF9-0493-3B0A-9FE2-3320FF07CF10}.Release|x64.Build.0 = Release|x64
		{90B05AF9-0493-3B0A-9FE2-3320FF07CF10}.MinSizeRel|x64.ActiveCfg = MinSizeRel|x64
		{90B05AF9-0493-3B0A-9FE2-3320FF07CF10}.MinSizeRel|x64.Build.0 = MinSizeRel|x64
		{90B05AF9-0493-3B0A-9FE2-3320FF07CF10}.RelWithDebInfo|x64.ActiveCfg = RelWithDebInfo|x64
		{90B05AF9-0493-3B0A-9FE2-3320FF07CF10}.RelWithDebInfo|x64.Build.0 = RelWithDebInfo|x64
		{48D8C5BB-323B-3BF5-9494-462581CF07C6}.Debug|x64.ActiveCfg = Debug|x64
		{48D8C5BB-323B-3BF5-9494-462581CF07C6}.Debug|x64.Build.0 = Debug|x64
		{48D8C5BB-323B-3BF5-9494-462581CF07C6}.Release|x64.ActiveCfg = Release|x64
		{48D8C5BB-323B-3BF5-9494-462581CF07C6}.Release|x64.Build.0 = Release|x64
		{48D8C5BB-323B-3BF5-9494-462581CF07C6}.MinSizeRel|x64.ActiveCfg = MinSizeRel|x64
		{48D8C5BB-323B-3BF5-9494-462581CF07C6}.MinSizeRel|x64.Build.0 = MinSizeRel|x64
		{48D8C5BB-323B-3BF5-9494-462581CF07C6}.RelWithDebInfo|x64.ActiveCfg = RelWithDebInfo|x64
		{48D8C5BB-323B-3BF5-9494-462581CF07C6}.RelWithDebInfo|x64.Build.0 = RelWithDebInfo|x64
		{4D15844E-B08A-34A1-AF58-C20EC1295C03}.Debug|x64.ActiveCfg = Debug|x64
		{4D15844E-B08A-34A1-AF58-C20EC1295C03}.Debug|x64.Build.0 = Debug|x64
		{4D15844E-B08A-34A1-AF58-C20EC1295C03}.Release|x64.ActiveCfg = Release|x64
		{4D15844E-B08A-34A1-AF58-C20EC1295C03}.Release|x64.Build.0 = Release|x64
		{4D15844E-B08A-34A1-AF58-C20EC1295C03}.MinSizeRel|x64.ActiveCfg = MinSizeRel|x64
		{4D15844E-B08A-34A1-AF58-C20EC1295C03}.MinSizeRel|x64.Build.0 = MinSizeRel|x64
		{4D15844E-B08A-34A1-AF58-C20EC1295C03}.RelWithDebInfo|x64.ActiveCfg = RelWithDebInfo|x64
		{4D15844E-B08A-34A1-AF58-C20EC1295C03}.RelWithDebInfo|x64.Build.0 = RelWithDebInfo|x64
		{487D7638-1619-3E52-91F8-9AB918554448}.Debug|x64.ActiveCfg = Debug|x64
		{487D7638-1619-3E52-91F8-9AB918554448}.Debug|x64.Build.0 = Debug|x64
		{487D7638-1619-3E52-91F8-9AB918554448}.Release|x64.ActiveCfg = Release|x64
		{487D7638-1619-3E52-91F8-9AB918554448}.Release|x64.Build.0 = Release|x64
		{487D7638-1619-3E52-91F8-9AB918554448}.MinSizeRel|x64.ActiveCfg = MinSizeRel|x64
		{487D7638-1619-3E52-91F8-9AB918554448}.MinSizeRel|x64.Build.0 = MinSizeRel|x64
		{487D7638-1619-3E52-91F8-9AB918554448}.RelWithDebInfo|x64.ActiveCfg = RelWithDebInfo|x64
		{487D7638-1619-3E52-91F8-9AB918554448}.RelWithDebInfo|x64.Build.0 = RelWithDebInfo|x64
	EndGlobalSection
	GlobalSection(ExtensibilityGlobals) = postSolution
		SolutionGuid = {FEF19824-BF52-3F47-8194-A46DBF4C2229}
	EndGlobalSection
	GlobalSection(ExtensibilityAddIns) = postSolution
	EndGlobalSection
EndGlobal
