<?xml version="1.0" encoding="utf-8"?>
<Project ToolsVersion="17.0" xmlns="http://schemas.microsoft.com/developer/msbuild/2003">
  <ItemGroup>
    <ClCompile Include="E:\source\glad\glad.c">
      <Filter>Source Files</Filter>
    </ClCompile>
    <ClCompile Include="D:\repos\ing\ing\core\timer.cc">
      <Filter>ing\core</Filter>
    </ClCompile>
    <ClCompile Include="D:\repos\ing\ing\utils\common_utils.cc">
      <Filter>ing\utils</Filter>
    </ClCompile>
    <ClCompile Include="D:\repos\ing\ing\app\win_gl\gl_common.cc">
      <Filter>Source Files</Filter>
    </ClCompile>
    <ClCompile Include="D:\repos\ing\ing\utils\gl_utils.cc">
      <Filter>ing\utils</Filter>
    </ClCompile>
    <ClCompile Include="D:\repos\ing\ing\utils\gl_shader.cc">
      <Filter>ing\utils</Filter>
    </ClCompile>
    <ClCompile Include="D:\repos\ing\ing\utils\vk_utils.cc">
      <Filter>ing\utils</Filter>
    </ClCompile>
    <ClCompile Include="D:\repos\ing\ing\app\win_vulkan\vk_common.cc">
      <Filter>Source Files</Filter>
    </ClCompile>
    <ClCompile Include="D:\repos\ing\ing\app\win_vulkan\vk_hello.cc">
      <Filter>Source Files</Filter>
    </ClCompile>
    <ClCompile Include="D:\repos\ing\ing\app\win_vulkan\vk_canvas.cc">
      <Filter>Source Files</Filter>
    </ClCompile>
    <ClCompile Include="D:\repos\ing\ing\app\win_vulkan\vk_scene.cc">
      <Filter>Source Files</Filter>
    </ClCompile>
  </ItemGroup>
  <ItemGroup>
    <CustomBuild Include="D:\repos\ing\CMakeLists.txt" />
  </ItemGroup>
  <ItemGroup>
    <Filter Include="Source Files">
      <UniqueIdentifier>{6EF5CA42-AF2E-3045-82CD-39975E021C46}</UniqueIdentifier>
    </Filter>
    <Filter Include="ing">
      <UniqueIdentifier>{2A92EC99-FEE8-3040-BB85-840C9B5B39A3}</UniqueIdentifier>
    </Filter>
    <Filter Include="ing\core">
      <UniqueIdentifier>{887F9B81-CB75-3EBC-8018-A1D10820D258}</UniqueIdentifier>
    </Filter>
    <Filter Include="ing\utils">
      <UniqueIdentifier>{A77BE23C-98FC-333F-87CA-CEA4491CFE04}</UniqueIdentifier>
    </Filter>
  </ItemGroup>
</Project>
