<?xml version="1.0" encoding="utf-8"?>
<Project ToolsVersion="17.0" xmlns="http://schemas.microsoft.com/developer/msbuild/2003">
  <ItemGroup>
    <CustomBuild Include="D:\repos\ing\builld\CMakeFiles\07fd8f7b167903d37c5b6389656fbcbf\generate.stamp.rule">
      <Filter>CMake Rules</Filter>
    </CustomBuild>
  </ItemGroup>
  <ItemGroup>
    <Filter Include="CMake Rules">
      <UniqueIdentifier>{47CBD67E-767F-3F99-BA32-8036667E5F09}</UniqueIdentifier>
    </Filter>
  </ItemGroup>
</Project>
