<?xml version="1.0" encoding="utf-8"?>
<Project ToolsVersion="17.0" xmlns="http://schemas.microsoft.com/developer/msbuild/2003">
  <ItemGroup>
    <ClCompile Include="D:\repos\ing\testbed\source\testbed_pure_gl.cc">
      <Filter>source</Filter>
    </ClCompile>
    <ClCompile Include="E:\source\imgui\imgui.cpp">
      <Filter>Source Files</Filter>
    </ClCompile>
    <ClCompile Include="E:\source\imgui\imgui_draw.cpp">
      <Filter>Source Files</Filter>
    </ClCompile>
    <ClCompile Include="E:\source\imgui\imgui_tables.cpp">
      <Filter>Source Files</Filter>
    </ClCompile>
    <ClCompile Include="E:\source\imgui\imgui_widgets.cpp">
      <Filter>Source Files</Filter>
    </ClCompile>
    <ClCompile Include="E:\source\glad\glad.c">
      <Filter>Source Files</Filter>
    </ClCompile>
  </ItemGroup>
  <ItemGroup>
    <CudaCompile Include="..\..\testbed\source_cu\raytracer_cuda_gl.cu">
      <Filter>source_cu</Filter>
    </CudaCompile>
    <CudaCompile Include="..\..\testbed\source_cu\testbed_cuda_gl.cu">
      <Filter>source_cu</Filter>
    </CudaCompile>
    <CudaCompile Include="..\..\testbed\source_cu\utils\base.cu">
      <Filter>source_cu\utils</Filter>
    </CudaCompile>
    <CudaCompile Include="..\..\testbed\source_cu\utils\tracer.cu">
      <Filter>source_cu\utils</Filter>
    </CudaCompile>
  </ItemGroup>
  <ItemGroup>
    <CustomBuild Include="D:\repos\ing\testbed\CMakeLists.txt" />
  </ItemGroup>
  <ItemGroup>
    <Filter Include="Source Files">
      <UniqueIdentifier>{6EF5CA42-AF2E-3045-82CD-39975E021C46}</UniqueIdentifier>
    </Filter>
    <Filter Include="source">
      <UniqueIdentifier>{2A909972-2973-3F23-8365-2ADF53FB0BA5}</UniqueIdentifier>
    </Filter>
    <Filter Include="source_cu">
      <UniqueIdentifier>{02D21393-D6EB-3B48-B9F6-CCDC19DA5DC1}</UniqueIdentifier>
    </Filter>
    <Filter Include="source_cu\utils">
      <UniqueIdentifier>{CD955230-F931-3FAD-BA59-C161D3C2913A}</UniqueIdentifier>
    </Filter>
  </ItemGroup>
</Project>
